PODS:
  - Realm (5.0.1):
    - Realm/Headers (= 5.0.1)
  - Realm/Headers (5.0.1)
  - RealmSwift (5.0.1):
    - Realm (= 5.0.1)
  - SwipeCellKit (2.7.1)

DEPENDENCIES:
  - RealmSwift (~> 5)
  - SwipeCellKit

SPEC REPOS:
  trunk:
    - Realm
    - RealmSwift
    - SwipeCellKit

SPEC CHECKSUMS:
  Realm: d36cfc336d76d2e15b13651beb6050f49354de4b
  RealmSwift: f29ae0ceaf4fbaf4803c40bbebd838ea2beb903a
  SwipeCellKit: 3972254a826da74609926daf59b08d6c72e619ea

PODFILE CHECKSUM: d711c6ff34e5013d4ac3ce04cb6295647b326db5

COCOAPODS: 1.8.4
